
Microsoft Visual Studio Solution File, Format Version 12.00
# Visual Studio Version 16
VisualStudioVersion = 16.0.31911.196
MinimumVisualStudioVersion = 10.0.40219.1
Project("{FAE04EC0-301F-11D3-BF4B-00C04F79EFBC}") = "WebStoreMap", "WebStoreMap\WebStoreMap.csproj", "{99EAA550-5AF6-4657-BD03-DEAC04CF5CC6}"
EndProject
Global
	GlobalSection(SolutionConfigurationPlatforms) = preSolution
		Debug|Any CPU = Debug|Any CPU
		Release|Any CPU = Release|Any CPU
	EndGlobalSection
	GlobalSection(ProjectConfigurationPlatforms) = postSolution
		{99EAA550-5AF6-4657-BD03-DEAC04CF5CC6}.Debug|Any CPU.ActiveCfg = Debug|Any CPU
		{99EAA550-5AF6-4657-BD03-DEAC04CF5CC6}.Debug|Any CPU.Build.0 = Debug|Any CPU
		{99EAA550-5AF6-4657-BD03-DEAC04CF5CC6}.Release|Any CPU.ActiveCfg = Release|Any CPU
		{99EAA550-5AF6-4657-BD03-DEAC04CF5CC6}.Release|Any CPU.Build.0 = Release|Any CPU
	EndGlobalSection
	GlobalSection(SolutionProperties) = preSolution
		HideSolutionNode = FALSE
	EndGlobalSection
	GlobalSection(ExtensibilityGlobals) = postSolution
		SolutionGuid = {F97E38AA-B21C-4FE3-A89F-A5E697F1D311}
	EndGlobalSection
EndGlobal
